// !$*UTF8*$!
{
	archiveVersion = 1;
	classes = {
	};
	objectVersion = 46;
	objects = {

/* Begin PBXBuildFile section */
		55DE0E881CD6B1D50036447D /* AppDelegate.swift in Sources */ = {isa = PBXBuildFile; fileRef = 55DE0E871CD6B1D50036447D /* AppDelegate.swift */; };
		55DE0E8A1CD6B1D50036447D /* Assets.xcassets in Resources */ = {isa = PBXBuildFile; fileRef = 55DE0E891CD6B1D50036447D /* Assets.xcassets */; };
		55DE0E8D1CD6B1D50036447D /* MainMenu.xib in Resources */ = {isa = PBXBuildFile; fileRef = 55DE0E8B1CD6B1D50036447D /* MainMenu.xib */; };
		55DE0E961CD6B1F20036447D /* ProgressSheet.swift in Sources */ = {isa = PBXBuildFile; fileRef = 55DE0E941CD6B1F20036447D /* ProgressSheet.swift */; };
		55DE0E971CD6B1F20036447D /* ProgressSheet.xib in Resources */ = {isa = PBXBuildFile; fileRef = 55DE0E951CD6B1F20036447D /* ProgressSheet.xib */; };
/* End PBXBuildFile section */

/* Begin PBXFileReference section */
		55DE0E841CD6B1D50036447D /* ProgressSheet.app */ = {isa = PBXFileReference; explicitFileType = wrapper.application; includeInIndex = 0; path = ProgressSheet.app; sourceTree = BUILT_PRODUCTS_DIR; };
		55DE0E871CD6B1D50036447D /* AppDelegate.swift */ = {isa = PBXFileReference; lastKnownFileType = sourcecode.swift; path = AppDelegate.swift; sourceTree = "<group>"; };
		55DE0E891CD6B1D50036447D /* Assets.xcassets */ = {isa = PBXFileReference; lastKnownFileType = folder.assetcatalog; path = Assets.xcassets; sourceTree = "<group>"; };
		55DE0E8C1CD6B1D50036447D /* Base */ = {isa = PBXFileReference; lastKnownFileType = file.xib; name = Base; path = Base.lproj/MainMenu.xib; sourceTree = "<group>"; };
		55DE0E8E1CD6B1D50036447D /* Info.plist */ = {isa = PBXFileReference; lastKnownFileType = text.plist.xml; path = Info.plist; sourceTree = "<group>"; };
		55DE0E941CD6B1F20036447D /* ProgressSheet.swift */ = {isa = PBXFileReference; fileEncoding = 4; lastKnownFileType = sourcecode.swift; path = ProgressSheet.swift; sourceTree = SOURCE_ROOT; };
		55DE0E951CD6B1F20036447D /* ProgressSheet.xib */ = {isa = PBXFileReference; fileEncoding = 4; lastKnownFileType = file.xib; path = ProgressSheet.xib; sourceTree = SOURCE_ROOT; };
/* End PBXFileReference section */

/* Begin PBXFrameworksBuildPhase section */
		55DE0E811CD6B1D50036447D /* Frameworks */ = {
			isa = PBXFrameworksBuildPhase;
			buildActionMask = 2147483647;
			files = (
			);
			runOnlyForDeploymentPostprocessing = 0;
		};
/* End PBXFrameworksBuildPhase section */

/* Begin PBXGroup section */
		55DE0E7B1CD6B1D50036447D = {
			isa = PBXGroup;
			children = (
				55DE0E861CD6B1D50036447D /* ProgressSheet */,
				55DE0E851CD6B1D50036447D /* Products */,
			);
			sourceTree = "<group>";
		};
		55DE0E851CD6B1D50036447D /* Products */ = {
			isa = PBXGroup;
			children = (
				55DE0E841CD6B1D50036447D /* ProgressSheet.app */,
			);
			name = Products;
			sourceTree = "<group>";
		};
		55DE0E861CD6B1D50036447D /* ProgressSheet */ = {
			isa = PBXGroup;
			children = (
				55DE0E871CD6B1D50036447D /* AppDelegate.swift */,
				55DE0E941CD6B1F20036447D /* ProgressSheet.swift */,
				55DE0E951CD6B1F20036447D /* ProgressSheet.xib */,
				55DE0E891CD6B1D50036447D /* Assets.xcassets */,
				55DE0E8B1CD6B1D50036447D /* MainMenu.xib */,
				55DE0E8E1CD6B1D50036447D /* Info.plist */,
			);
			path = ProgressSheet;
			sourceTree = "<group>";
		};
/* End PBXGroup section */

/* Begin PBXNativeTarget section */
		55DE0E831CD6B1D50036447D /* ProgressSheet */ = {
			isa = PBXNativeTarget;
			buildConfigurationList = 55DE0E911CD6B1D50036447D /* Build configuration list for PBXNativeTarget "ProgressSheet" */;
			buildPhases = (
				55DE0E801CD6B1D50036447D /* Sources */,
				55DE0E811CD6B1D50036447D /* Frameworks */,
				55DE0E821CD6B1D50036447D /* Resources */,
			);
			buildRules = (
			);
			dependencies = (
			);
			name = ProgressSheet;
			productName = ProgressSheet;
			productReference = 55DE0E841CD6B1D50036447D /* ProgressSheet.app */;
			productType = "com.apple.product-type.application";
		};
/* End PBXNativeTarget section */

/* Begin PBXProject section */
		55DE0E7C1CD6B1D50036447D /* Project object */ = {
			isa = PBXProject;
			attributes = {
				LastSwiftUpdateCheck = 0730;
				LastUpgradeCheck = 0730;
				ORGANIZATIONNAME = "Uli Kusterer";
				TargetAttributes = {
					55DE0E831CD6B1D50036447D = {
						CreatedOnToolsVersion = 7.3;
					};
				};
			};
			buildConfigurationList = 55DE0E7F1CD6B1D50036447D /* Build configuration list for PBXProject "ProgressSheet" */;
			compatibilityVersion = "Xcode 3.2";
			developmentRegion = English;
			hasScannedForEncodings = 0;
			knownRegions = (
				en,
				Base,
			);
			mainGroup = 55DE0E7B1CD6B1D50036447D;
			productRefGroup = 55DE0E851CD6B1D50036447D /* Products */;
			projectDirPath = "";
			projectRoot = "";
			targets = (
				55DE0E831CD6B1D50036447D /* ProgressSheet */,
			);
		};
/* End PBXProject section */

/* Begin PBXResourcesBuildPhase section */
		55DE0E821CD6B1D50036447D /* Resources */ = {
			isa = PBXResourcesBuildPhase;
			buildActionMask = 2147483647;
			files = (
				55DE0E8A1CD6B1D50036447D /* Assets.xcassets in Resources */,
				55DE0E971CD6B1F20036447D /* ProgressSheet.xib in Resources */,
				55DE0E8D1CD6B1D50036447D /* MainMenu.xib in Resources */,
			);
			runOnlyForDeploymentPostprocessing = 0;
		};
/* End PBXResourcesBuildPhase section */

/* Begin PBXSourcesBuildPhase section */
		55DE0E801CD6B1D50036447D /* Sources */ = {
			isa = PBXSourcesBuildPhase;
			buildActionMask = 2147483647;
			files = (
				55DE0E961CD6B1F20036447D /* ProgressSheet.swift in Sources */,
				55DE0E881CD6B1D50036447D /* AppDelegate.swift in Sources */,
			);
			runOnlyForDeploymentPostprocessing = 0;
		};
/* End PBXSourcesBuildPhase section */

/* Begin PBXVariantGroup section */
		55DE0E8B1CD6B1D50036447D /* MainMenu.xib */ = {
			isa = PBXVariantGroup;
			children = (
				55DE0E8C1CD6B1D50036447D /* Base */,
			);
			name = MainMenu.xib;
			sourceTree = "<group>";
		};
/* End PBXVariantGroup section */

/* Begin XCBuildConfiguration section */
		55DE0E8F1CD6B1D50036447D /* Debug */ = {
			isa = XCBuildConfiguration;
			buildSettings = {
				ALWAYS_SEARCH_USER_PATHS = NO;
				CLANG_ANALYZER_NONNULL = YES;
				CLANG_CXX_LANGUAGE_STANDARD = "gnu++0x";
				CLANG_CXX_LIBRARY = "libc++";
				CLANG_ENABLE_MODULES = YES;
				CLANG_ENABLE_OBJC_ARC = YES;
				CLANG_WARN_BOOL_CONVERSION = YES;
				CLANG_WARN_CONSTANT_CONVERSION = YES;
				CLANG_WARN_DIRECT_OBJC_ISA_USAGE = YES_ERROR;
				CLANG_WARN_EMPTY_BODY = YES;
				CLANG_WARN_ENUM_CONVERSION = YES;
				CLANG_WARN_INT_CONVERSION = YES;
				CLANG_WARN_OBJC_ROOT_CLASS = YES_ERROR;
				CLANG_WARN_UNREACHABLE_CODE = YES;
				CLANG_WARN__DUPLICATE_METHOD_MATCH = YES;
				CODE_SIGN_IDENTITY = "-";
				COPY_PHASE_STRIP = NO;
				DEBUG_INFORMATION_FORMAT = dwarf;
				ENABLE_STRICT_OBJC_MSGSEND = YES;
				ENABLE_TESTABILITY = YES;
				GCC_C_LANGUAGE_STANDARD = gnu99;
				GCC_DYNAMIC_NO_PIC = NO;
				GCC_NO_COMMON_BLOCKS = YES;
				GCC_OPTIMIZATION_LEVEL = 0;
				GCC_PREPROCESSOR_DEFINITIONS = (
					"DEBUG=1",
					"$(inherited)",
				);
				GCC_WARN_64_TO_32_BIT_CONVERSION = YES;
				GCC_WARN_ABOUT_RETURN_TYPE = YES_ERROR;
				GCC_WARN_UNDECLARED_SELECTOR = YES;
				GCC_WARN_UNINITIALIZED_AUTOS = YES_AGGRESSIVE;
				GCC_WARN_UNUSED_FUNCTION = YES;
				GCC_WARN_UNUSED_VARIABLE = YES;
				MACOSX_DEPLOYMENT_TARGET = 10.11;
				MTL_ENABLE_DEBUG_INFO = YES;
				ONLY_ACTIVE_ARCH = YES;
				SDKROOT = macosx;
				SWIFT_OPTIMIZATION_LEVEL = "-Onone";
				SWIFT_VERSION = 4.0;
			};
			name = Debug;
		};
		55DE0E901CD6B1D50036447D /* Release */ = {
			isa = XCBuildConfiguration;
			buildSettings = {
				ALWAYS_SEARCH_USER_PATHS = NO;
				CLANG_ANALYZER_NONNULL = YES;
				CLANG_CXX_LANGUAGE_STANDARD = "gnu++0x";
				CLANG_CXX_LIBRARY = "libc++";
				CLANG_ENABLE_MODULES = YES;
				CLANG_ENABLE_OBJC_ARC = YES;
				CLANG_WARN_BOOL_CONVERSION = YES;
				CLANG_WARN_CONSTANT_CONVERSION = YES;
				CLANG_WARN_DIRECT_OBJC_ISA_USAGE = YES_ERROR;
				CLANG_WARN_EMPTY_BODY = YES;
				CLANG_WARN_ENUM_CONVERSION = YES;
				CLANG_WARN_INT_CONVERSION = YES;
				CLANG_WARN_OBJC_ROOT_CLASS = YES_ERROR;
				CLANG_WARN_UNREACHABLE_CODE = YES;
				CLANG_WARN__DUPLICATE_METHOD_MATCH = YES;
				CODE_SIGN_IDENTITY = "-";
				COPY_PHASE_STRIP = NO;
				DEBUG_INFORMATION_FORMAT = "dwarf-with-dsym";
				ENABLE_NS_ASSERTIONS = NO;
				ENABLE_STRICT_OBJC_MSGSEND = YES;
				GCC_C_LANGUAGE_STANDARD = gnu99;
				GCC_NO_COMMON_BLOCKS = YES;
				GCC_WARN_64_TO_32_BIT_CONVERSION = YES;
				GCC_WARN_ABOUT_RETURN_TYPE = YES_ERROR;
				GCC_WARN_UNDECLARED_SELECTOR = YES;
				GCC_WARN_UNINITIALIZED_AUTOS = YES_AGGRESSIVE;
				GCC_WARN_UNUSED_FUNCTION = YES;
				GCC_WARN_UNUSED_VARIABLE = YES;
				MACOSX_DEPLOYMENT_TARGET = 10.11;
				MTL_ENABLE_DEBUG_INFO = NO;
				SDKROOT = macosx;
				SWIFT_VERSION = 4.0;
			};
			name = Release;
		};
		55DE0E921CD6B1D50036447D /* Debug */ = {
			isa = XCBuildConfiguration;
			buildSettings = {
				ASSETCATALOG_COMPILER_APPICON_NAME = AppIcon;
				COMBINE_HIDPI_IMAGES = YES;
				INFOPLIST_FILE = ProgressSheet/Info.plist;
				LD_RUNPATH_SEARCH_PATHS = "$(inherited) @executable_path/../Frameworks";
				PRODUCT_BUNDLE_IDENTIFIER = com.thevoidsoftware.ProgressSheet;
				PRODUCT_NAME = "$(TARGET_NAME)";
			};
			name = Debug;
		};
		55DE0E931CD6B1D50036447D /* Release */ = {
			isa = XCBuildConfiguration;
			buildSettings = {
				ASSETCATALOG_COMPILER_APPICON_NAME = AppIcon;
				COMBINE_HIDPI_IMAGES = YES;
				INFOPLIST_FILE = ProgressSheet/Info.plist;
				LD_RUNPATH_SEARCH_PATHS = "$(inherited) @executable_path/../Frameworks";
				PRODUCT_BUNDLE_IDENTIFIER = com.thevoidsoftware.ProgressSheet;
				PRODUCT_NAME = "$(TARGET_NAME)";
			};
			name = Release;
		};
/* End XCBuildConfiguration section */

/* Begin XCConfigurationList section */
		55DE0E7F1CD6B1D50036447D /* Build configuration list for PBXProject "ProgressSheet" */ = {
			isa = XCConfigurationList;
			buildConfigurations = (
				55DE0E8F1CD6B1D50036447D /* Debug */,
				55DE0E901CD6B1D50036447D /* Release */,
			);
			defaultConfigurationIsVisible = 0;
			defaultConfigurationName = Release;
		};
		55DE0E911CD6B1D50036447D /* Build configuration list for PBXNativeTarget "ProgressSheet" */ = {
			isa = XCConfigurationList;
			buildConfigurations = (
				55DE0E921CD6B1D50036447D /* Debug */,
				55DE0E931CD6B1D50036447D /* Release */,
			);
			defaultConfigurationIsVisible = 0;
			defaultConfigurationName = Release;
		};
/* End XCConfigurationList section */
	};
	rootObject = 55DE0E7C1CD6B1D50036447D /* Project object */;
}
